{
  "version": 4,
  "terraform_version": "1.0.9",
  "serial": 13,
  "lineage": "e53a4948-30f0-2cd3-e475-5df2d405781c",
  "outputs": {},
  "resources": [
    {
      "module": "module.stage",
      "mode": "managed",
      "type": "aws_internet_gateway",
      "name": "cmk_ig",
      "provider": "module.stage.provider[\"registry.terraform.io/hashicorp/aws\"]",
      "instances": [
        {
          "schema_version": 0,
          "attributes": {
            "arn": "arn:aws:ec2:ap-northeast-1:424215643714:internet-gateway/igw-0ea6effd5edfda6ea",
            "id": "igw-0ea6effd5edfda6ea",
            "owner_id": "424215643714",
            "tags": {
              "Name": "cmk"
            },
            "tags_all": {
              "Name": "cmk"
            },
            "vpc_id": "vpc-0f026fd9c7cc8ed37"
          },
          "sensitive_attributes": [],
          "private": "bnVsbA==",
          "dependencies": [
            "module.stage.aws_vpc.cmk_vpc"
          ]
        }
      ]
    },
    {
      "module": "module.stage",
      "mode": "managed",
      "type": "aws_key_pair",
      "name": "cmk_key",
      "provider": "module.stage.provider[\"registry.terraform.io/hashicorp/aws\"]",
      "instances": [
        {
          "schema_version": 1,
          "attributes": {
            "arn": "arn:aws:ec2:ap-northeast-1:424215643714:key-pair/cmk-key",
            "fingerprint": "4e:bc:8a:13:b3:9e:bc:76:f7:d9:93:88:fb:0b:4f:58",
            "id": "cmk-key",
            "key_name": "cmk-key",
            "key_name_prefix": null,
            "key_pair_id": "key-0ba3667aa297fa1bb",
            "public_key": "ssh-rsa AAAAB3NzaC1yc2EAAAADAQABAAABgQDg/8BtIekyMaBSJbztRdYWydNLlVttjtQRq/ROKE+ywxANViCFjoG/Qo/FYPZ008fpN/16ZHN3+bgadr5AGyBlMwUFp3ZHvnAL/CA4H3G+RoqTaX3KFYzR2S/BggoZAe9+Servp8adbUypEAbmsh8fXuXGJ+FtecdbzLYcc48E/U4crMcSZY6eTUnzXKR6wFB3TEJoFwYem9U719c+tD+iKDg6DkgzAUXDvwjiTxJZvUbNyKt1vpeHlGqt/hCVyGmXTiGPTTbPTKa6jxNocQNgCoQtRG7AwCuxYZxXYa6Nx45At4iTRYvmo6qwa6pNLZlZL21QBGnE9VqOrnXezbeos2MrYpmlTvFPz9O44cqD1ctkc4tHPI3Ol9ssjcKTgFvZY5HfWy7nuxiYg61BHiCPTl2xvb0lopB0zJu76Z18+9vNVLaZMb5OWkQz4q+iTH5TQsPuGlOSuVF9D3/ys2aKqax9K2GlxxbNdD1QXg5wHWUZqgwSEfNDmcY+vrSOABM= user@LAPTOP-CISI8I61",
            "tags": null,
            "tags_all": {}
          },
          "sensitive_attributes": [],
          "private": "eyJzY2hlbWFfdmVyc2lvbiI6IjEifQ=="
        }
      ]
    },
    {
      "module": "module.stage",
      "mode": "managed",
      "type": "aws_route_table",
      "name": "cmk_rt",
      "provider": "module.stage.provider[\"registry.terraform.io/hashicorp/aws\"]",
      "instances": [
        {
          "schema_version": 0,
          "attributes": {
            "arn": "arn:aws:ec2:ap-northeast-1:424215643714:route-table/rtb-0a3abcb1f7b7f445d",
            "id": "rtb-0a3abcb1f7b7f445d",
            "owner_id": "424215643714",
            "propagating_vgws": [],
            "route": [
              {
                "carrier_gateway_id": "",
                "cidr_block": "0.0.0.0/0",
                "destination_prefix_list_id": "",
                "egress_only_gateway_id": "",
                "gateway_id": "igw-0ea6effd5edfda6ea",
                "instance_id": "",
                "ipv6_cidr_block": "",
                "local_gateway_id": "",
                "nat_gateway_id": "",
                "network_interface_id": "",
                "transit_gateway_id": "",
                "vpc_endpoint_id": "",
                "vpc_peering_connection_id": ""
              }
            ],
            "tags": {
              "Name": "cmk-rt"
            },
            "tags_all": {
              "Name": "cmk-rt"
            },
            "timeouts": null,
            "vpc_id": "vpc-0f026fd9c7cc8ed37"
          },
          "sensitive_attributes": [],
          "private": "eyJlMmJmYjczMC1lY2FhLTExZTYtOGY4OC0zNDM2M2JjN2M0YzAiOnsiY3JlYXRlIjoxMjAwMDAwMDAwMDAsImRlbGV0ZSI6MzAwMDAwMDAwMDAwLCJ1cGRhdGUiOjEyMDAwMDAwMDAwMH19",
          "dependencies": [
            "module.stage.aws_internet_gateway.cmk_ig",
            "module.stage.aws_vpc.cmk_vpc"
          ]
        }
      ]
    },
    {
      "module": "module.stage",
      "mode": "managed",
      "type": "aws_route_table_association",
      "name": "cmk_rtas_a",
      "provider": "module.stage.provider[\"registry.terraform.io/hashicorp/aws\"]",
      "instances": [
        {
          "index_key": 0,
          "schema_version": 0,
          "attributes": {
            "gateway_id": "",
            "id": "rtbassoc-0e9b5437fb317c990",
            "route_table_id": "rtb-0a3abcb1f7b7f445d",
            "subnet_id": "subnet-025e5c51360d6f5c4"
          },
          "sensitive_attributes": [],
          "private": "bnVsbA==",
          "dependencies": [
            "module.stage.aws_internet_gateway.cmk_ig",
            "module.stage.aws_route_table.cmk_rt",
            "module.stage.aws_subnet.cmk_pub",
            "module.stage.aws_vpc.cmk_vpc"
          ]
        },
        {
          "index_key": 1,
          "schema_version": 0,
          "attributes": {
            "gateway_id": "",
            "id": "rtbassoc-06728e18c435e2492",
            "route_table_id": "rtb-0a3abcb1f7b7f445d",
            "subnet_id": "subnet-0323e295819b5e7a6"
          },
          "sensitive_attributes": [],
          "private": "bnVsbA==",
          "dependencies": [
            "module.stage.aws_internet_gateway.cmk_ig",
            "module.stage.aws_route_table.cmk_rt",
            "module.stage.aws_subnet.cmk_pub",
            "module.stage.aws_vpc.cmk_vpc"
          ]
        }
      ]
    },
    {
      "module": "module.stage",
      "mode": "managed",
      "type": "aws_subnet",
      "name": "cmk_pri",
      "provider": "module.stage.provider[\"registry.terraform.io/hashicorp/aws\"]",
      "instances": [
        {
          "index_key": 0,
          "schema_version": 1,
          "attributes": {
            "arn": "arn:aws:ec2:ap-northeast-1:424215643714:subnet/subnet-062f528c679ba7545",
            "assign_ipv6_address_on_creation": false,
            "availability_zone": "ap-northeast-1a",
            "availability_zone_id": "apne1-az4",
            "cidr_block": "192.168.1.0/24",
            "customer_owned_ipv4_pool": "",
            "id": "subnet-062f528c679ba7545",
            "ipv6_cidr_block": "",
            "ipv6_cidr_block_association_id": "",
            "map_customer_owned_ip_on_launch": false,
            "map_public_ip_on_launch": false,
            "outpost_arn": "",
            "owner_id": "424215643714",
            "tags": {
              "Name": "pri-a"
            },
            "tags_all": {
              "Name": "pri-a"
            },
            "timeouts": null,
            "vpc_id": "vpc-0f026fd9c7cc8ed37"
          },
          "sensitive_attributes": [],
          "private": "eyJlMmJmYjczMC1lY2FhLTExZTYtOGY4OC0zNDM2M2JjN2M0YzAiOnsiY3JlYXRlIjo2MDAwMDAwMDAwMDAsImRlbGV0ZSI6MTIwMDAwMDAwMDAwMH0sInNjaGVtYV92ZXJzaW9uIjoiMSJ9",
          "dependencies": [
            "module.stage.aws_vpc.cmk_vpc"
          ]
        },
        {
          "index_key": 1,
          "schema_version": 1,
          "attributes": {
            "arn": "arn:aws:ec2:ap-northeast-1:424215643714:subnet/subnet-07cf9b2f26201a4f9",
            "assign_ipv6_address_on_creation": false,
            "availability_zone": "ap-northeast-1c",
            "availability_zone_id": "apne1-az1",
            "cidr_block": "192.168.3.0/24",
            "customer_owned_ipv4_pool": "",
            "id": "subnet-07cf9b2f26201a4f9",
            "ipv6_cidr_block": "",
            "ipv6_cidr_block_association_id": "",
            "map_customer_owned_ip_on_launch": false,
            "map_public_ip_on_launch": false,
            "outpost_arn": "",
            "owner_id": "424215643714",
            "tags": {
              "Name": "pri-c"
            },
            "tags_all": {
              "Name": "pri-c"
            },
            "timeouts": null,
            "vpc_id": "vpc-0f026fd9c7cc8ed37"
          },
          "sensitive_attributes": [],
          "private": "eyJlMmJmYjczMC1lY2FhLTExZTYtOGY4OC0zNDM2M2JjN2M0YzAiOnsiY3JlYXRlIjo2MDAwMDAwMDAwMDAsImRlbGV0ZSI6MTIwMDAwMDAwMDAwMH0sInNjaGVtYV92ZXJzaW9uIjoiMSJ9",
          "dependencies": [
            "module.stage.aws_vpc.cmk_vpc"
          ]
        }
      ]
    },
    {
      "module": "module.stage",
      "mode": "managed",
      "type": "aws_subnet",
      "name": "cmk_pridb",
      "provider": "module.stage.provider[\"registry.terraform.io/hashicorp/aws\"]",
      "instances": [
        {
          "index_key": 0,
          "schema_version": 1,
          "attributes": {
            "arn": "arn:aws:ec2:ap-northeast-1:424215643714:subnet/subnet-0bc27aa5becaae245",
            "assign_ipv6_address_on_creation": false,
            "availability_zone": "ap-northeast-1a",
            "availability_zone_id": "apne1-az4",
            "cidr_block": "192.168.4.0/24",
            "customer_owned_ipv4_pool": "",
            "id": "subnet-0bc27aa5becaae245",
            "ipv6_cidr_block": "",
            "ipv6_cidr_block_association_id": "",
            "map_customer_owned_ip_on_launch": false,
            "map_public_ip_on_launch": false,
            "outpost_arn": "",
            "owner_id": "424215643714",
            "tags": {
              "Name": "pridb-a"
            },
            "tags_all": {
              "Name": "pridb-a"
            },
            "timeouts": null,
            "vpc_id": "vpc-0f026fd9c7cc8ed37"
          },
          "sensitive_attributes": [],
          "private": "eyJlMmJmYjczMC1lY2FhLTExZTYtOGY4OC0zNDM2M2JjN2M0YzAiOnsiY3JlYXRlIjo2MDAwMDAwMDAwMDAsImRlbGV0ZSI6MTIwMDAwMDAwMDAwMH0sInNjaGVtYV92ZXJzaW9uIjoiMSJ9",
          "dependencies": [
            "module.stage.aws_vpc.cmk_vpc"
          ]
        },
        {
          "index_key": 1,
          "schema_version": 1,
          "attributes": {
            "arn": "arn:aws:ec2:ap-northeast-1:424215643714:subnet/subnet-00b58ea8f0180cc3d",
            "assign_ipv6_address_on_creation": false,
            "availability_zone": "ap-northeast-1c",
            "availability_zone_id": "apne1-az1",
            "cidr_block": "192.168.5.0/24",
            "customer_owned_ipv4_pool": "",
            "id": "subnet-00b58ea8f0180cc3d",
            "ipv6_cidr_block": "",
            "ipv6_cidr_block_association_id": "",
            "map_customer_owned_ip_on_launch": false,
            "map_public_ip_on_launch": false,
            "outpost_arn": "",
            "owner_id": "424215643714",
            "tags": {
              "Name": "pridb-c"
            },
            "tags_all": {
              "Name": "pridb-c"
            },
            "timeouts": null,
            "vpc_id": "vpc-0f026fd9c7cc8ed37"
          },
          "sensitive_attributes": [],
          "private": "eyJlMmJmYjczMC1lY2FhLTExZTYtOGY4OC0zNDM2M2JjN2M0YzAiOnsiY3JlYXRlIjo2MDAwMDAwMDAwMDAsImRlbGV0ZSI6MTIwMDAwMDAwMDAwMH0sInNjaGVtYV92ZXJzaW9uIjoiMSJ9",
          "dependencies": [
            "module.stage.aws_vpc.cmk_vpc"
          ]
        }
      ]
    },
    {
      "module": "module.stage",
      "mode": "managed",
      "type": "aws_subnet",
      "name": "cmk_pub",
      "provider": "module.stage.provider[\"registry.terraform.io/hashicorp/aws\"]",
      "instances": [
        {
          "index_key": 0,
          "schema_version": 1,
          "attributes": {
            "arn": "arn:aws:ec2:ap-northeast-1:424215643714:subnet/subnet-025e5c51360d6f5c4",
            "assign_ipv6_address_on_creation": false,
            "availability_zone": "ap-northeast-1a",
            "availability_zone_id": "apne1-az4",
            "cidr_block": "192.168.0.0/24",
            "customer_owned_ipv4_pool": "",
            "id": "subnet-025e5c51360d6f5c4",
            "ipv6_cidr_block": "",
            "ipv6_cidr_block_association_id": "",
            "map_customer_owned_ip_on_launch": false,
            "map_public_ip_on_launch": false,
            "outpost_arn": "",
            "owner_id": "424215643714",
            "tags": {
              "Name": "pub-a"
            },
            "tags_all": {
              "Name": "pub-a"
            },
            "timeouts": null,
            "vpc_id": "vpc-0f026fd9c7cc8ed37"
          },
          "sensitive_attributes": [],
          "private": "eyJlMmJmYjczMC1lY2FhLTExZTYtOGY4OC0zNDM2M2JjN2M0YzAiOnsiY3JlYXRlIjo2MDAwMDAwMDAwMDAsImRlbGV0ZSI6MTIwMDAwMDAwMDAwMH0sInNjaGVtYV92ZXJzaW9uIjoiMSJ9",
          "dependencies": [
            "module.stage.aws_vpc.cmk_vpc"
          ]
        },
        {
          "index_key": 1,
          "schema_version": 1,
          "attributes": {
            "arn": "arn:aws:ec2:ap-northeast-1:424215643714:subnet/subnet-0323e295819b5e7a6",
            "assign_ipv6_address_on_creation": false,
            "availability_zone": "ap-northeast-1c",
            "availability_zone_id": "apne1-az1",
            "cidr_block": "192.168.2.0/24",
            "customer_owned_ipv4_pool": "",
            "id": "subnet-0323e295819b5e7a6",
            "ipv6_cidr_block": "",
            "ipv6_cidr_block_association_id": "",
            "map_customer_owned_ip_on_launch": false,
            "map_public_ip_on_launch": false,
            "outpost_arn": "",
            "owner_id": "424215643714",
            "tags": {
              "Name": "pub-c"
            },
            "tags_all": {
              "Name": "pub-c"
            },
            "timeouts": null,
            "vpc_id": "vpc-0f026fd9c7cc8ed37"
          },
          "sensitive_attributes": [],
          "private": "eyJlMmJmYjczMC1lY2FhLTExZTYtOGY4OC0zNDM2M2JjN2M0YzAiOnsiY3JlYXRlIjo2MDAwMDAwMDAwMDAsImRlbGV0ZSI6MTIwMDAwMDAwMDAwMH0sInNjaGVtYV92ZXJzaW9uIjoiMSJ9",
          "dependencies": [
            "module.stage.aws_vpc.cmk_vpc"
          ]
        }
      ]
    },
    {
      "module": "module.stage",
      "mode": "managed",
      "type": "aws_vpc",
      "name": "cmk_vpc",
      "provider": "module.stage.provider[\"registry.terraform.io/hashicorp/aws\"]",
      "instances": [
        {
          "schema_version": 1,
          "attributes": {
            "arn": "arn:aws:ec2:ap-northeast-1:424215643714:vpc/vpc-0f026fd9c7cc8ed37",
            "assign_generated_ipv6_cidr_block": false,
            "cidr_block": "192.168.0.0/16",
            "default_network_acl_id": "acl-0e36035fa358b7c95",
            "default_route_table_id": "rtb-05602f7da9952f80c",
            "default_security_group_id": "sg-0b89f717f4b5e6246",
            "dhcp_options_id": "dopt-08ba359a2d9474e42",
            "enable_classiclink": false,
            "enable_classiclink_dns_support": false,
            "enable_dns_hostnames": true,
            "enable_dns_support": true,
            "id": "vpc-0f026fd9c7cc8ed37",
            "instance_tenancy": "default",
            "ipv6_association_id": "",
            "ipv6_cidr_block": "",
            "main_route_table_id": "rtb-05602f7da9952f80c",
            "owner_id": "424215643714",
            "tags": {
              "Name": "cmk-vpc"
            },
            "tags_all": {
              "Name": "cmk-vpc"
            }
          },
          "sensitive_attributes": [],
          "private": "eyJzY2hlbWFfdmVyc2lvbiI6IjEifQ=="
        }
      ]
    }
  ]
}
